{
    "version": 3,
    "terraform_version": "0.11.0",
    "serial": 1,
    "lineage": "d3e289e1-4588-4c2c-aa8a-bdb53b4f84f9",
    "modules": [
        {
            "path": [
                "root"
            ],
            "outputs": {},
            "resources": {
                "data.triton_image.happy_image": {
                    "type": "triton_image",
                    "depends_on": [],
                    "primary": {
                        "id": "c0ddad02-5d28-4586-a995-96514e1cdbfd",
                        "attributes": {
                            "id": "c0ddad02-5d28-4586-a995-96514e1cdbfd",
                            "most_recent": "true",
                            "name": "happy_randomizer",
                            "type": "lx-dataset",
                            "version": "1.0.0"
                        },
                        "meta": {},
                        "tainted": false
                    },
                    "deposed": [],
                    "provider": "provider.triton"
                },
                "data.triton_network.service_networks": {
                    "type": "triton_network",
                    "depends_on": [],
                    "primary": {
                        "id": "31428241-4878-47d6-9fba-9a8436b596a4",
                        "attributes": {
                            "id": "31428241-4878-47d6-9fba-9a8436b596a4",
                            "name": "Joyent-SDC-Public"
                        },
                        "meta": {},
                        "tainted": false
                    },
                    "deposed": [],
                    "provider": "provider.triton"
                },
                "triton_machine.happy_machine": {
                    "type": "triton_machine",
                    "depends_on": [
                        "data.triton_image.happy_image",
                        "data.triton_network.service_networks.*"
                    ],
                    "primary": {
                        "id": "aa1fcc35-5a87-4b8c-80d1-ced074543665",
                        "attributes": {
                            "administrator_pw": "",
                            "cloud_config": "",
                            "cns.#": "1",
                            "cns.0.disable": "false",
                            "cns.0.services.#": "1",
                            "cns.0.services.0": "happiness",
                            "dataset": "c0ddad02-5d28-4586-a995-96514e1cdbfd",
                            "disk": "3072",
                            "domain_names.#": "2",
                            "domain_names.0": "aa1fcc35-5a87-4b8c-80d1-ced074543665.inst.d9a01feb-be7d-6a32-b58d-ec4a2bf4ba7d.us-east-3.triton.zone",
                            "domain_names.1": "happy-randomizer.inst.d9a01feb-be7d-6a32-b58d-ec4a2bf4ba7d.us-east-3.triton.zone",
                            "firewall_enabled": "false",
                            "id": "aa1fcc35-5a87-4b8c-80d1-ced074543665",
                            "image": "c0ddad02-5d28-4586-a995-96514e1cdbfd",
                            "ips.#": "1",
                            "ips.0": "165.225.173.4",
                            "memory": "128",
                            "metadata.%": "0",
                            "name": "happy_randomizer",
                            "networks.#": "1",
                            "networks.0": "31428241-4878-47d6-9fba-9a8436b596a4",
                            "nic.#": "1",
                            "nic.3770127031.gateway": "165.225.173.1",
                            "nic.3770127031.ip": "165.225.173.4",
                            "nic.3770127031.mac": "90:b8:d0:67:c2:d2",
                            "nic.3770127031.netmask": "255.255.255.0",
                            "nic.3770127031.network": "2107c309-c3f3-4e24-b5f7-35fb0a368608",
                            "nic.3770127031.primary": "true",
                            "nic.3770127031.state": "running",
                            "package": "g4-highcpu-128M",
                            "primaryip": "165.225.173.4",
                            "root_authorized_keys": "ssh-rsa AAAAB3NzaC1yc2EAAAADAQABAAABAQCpxhPzdfUiRyQIWXOOXE8R+PTJPg7fLhG7AvGeP+0D6dGgKnqQfYPYAq2WvlARQJKAEFUr94BP1K9dGAp3Mvaheqin73RgsUwayRDMxgawduaIgtb11EVCps5oifuUsXf3w0+889SuygCOTdBFrQw5GWv7VeGdVJDsOhlR41mlusPsRFhJi3wvtDlOI39ZROi1TwAU59YpoJHUZzeo81TGU9AA5iPiQUDTBPKS/AwW6ZnCRf9ObdRQx2PKmF5dWjUl2FAur/J2NUix30+xYBJCS+KSVDhHpRBIMlHIxjKO71Bc77eV2g1mJn1ZiqFuaKRK2gb+vzczUtIPgXefoY6J\nssh-rsa AAAAB3NzaC1yc2EAAAADAQABAAABAQCoBtQN/jqqY+OyCZ2tC/ctBonrlGz0Y8AM2boYlO1VczFgb537b+yIwCrz6oQXzjt8up3BYg0YuWX4DbrkblwfwACtpbtOsN98k7PIJ+JdnlaAsBV7abdV/jhX2LYYcVfJgrsoUIkCOwYlt9UYhgdo1UZEAwTzPuKSoKh68RBYkm6sRZgMxkhh+Ixs6gQ1DOMTLdXkly26E3ThbqqJv5IKL0qPoPP6S1mx/b5OGQSx1AhX9lNMG7fToYZaChCoCcuExnT80bmXeDPtRVnIRWaL31kRLTBRGqeroM0dQKGyhzGFLYir2ufCNmBk0hY/YioLMolYULhPAhKCImAa/WQZ alexandra.white@joyadmins-MacBook-Pro.local\nssh-rsa AAAAB3NzaC1yc2EAAAADAQABAAABAQCvHMRnifvJOkQJva1dEXiV+Mpyp3FFeA8vw+dlEir+LDkQ7doxBIdYEwv80rf6rKa70EmdqlvAX6Y+oiTl3dtt6KRU5FF70MfCg8Gd0QQcDhsvS6exrC7NSgZJQnfeq0IBcCfAvYLCmh8Ub/Jrsl9oOzlJLgMePHby63kM3nCPt1wLtuhQNsAOouUAPS4PWkKxVVlmTho6/K3tfIfhBLscM4OBL8qhD7HzbA6/akRlFVug28B/fhUMXyDRRM0fBmJYghRP9mPLwxxeTLHJOjv3jzlu6NoPz1dQdDziNei4NT5gIiHrTwFU54YfLlOVdFl46DEpyYh5lYbQY6mZNRod alexandra.white@alexandra-white\nssh-rsa AAAAB3NzaC1yc2EAAAABJQAAAQEAi8941WB8TDp7XbTknPBWzuaVWG38QwUDT6DUpwGNs3wGqQkyFs1kJVj69nxQQ/2JSHMxENsoM/VoP93dLDjahMjMsMLe5BpyopD4GZ8dLvKcvTLXyGDRAszgbJmtTDfYAXS0ces5gSM8I8j/ElcHcubZB5dtNJ8EWj7sp/11/x4SLnB5jyMuMmB5aV1WA/e6cykQ6tMgeGcaCk3uqlUkc6K958ynexQ+mm7pTd9xB/PSdDO9nJtDCHD0mLxua0mposxQM+Z6KL872amWHc97kRPKPTutRx1UrI80gSFBrDTBPZV3TeUhTq1InUO2sePjqR7CsjhL2Raa0OtX+Rt98w== rsa-key-20170929\nssh-rsa AAAAB3NzaC1yc2EAAAADAQABAAABAQDRr33NijtnyTFqriNDEp+y+ceduNIjzxqJ20NaRUt12HPo0QUe2Y+to0TVKyra/fwv+WX5zL4b6ublnz4wpvNVWzFq2LOfRwio5eC4R29VxZC25RnEM5uu/G0P/Uk2bM3QmfaMDJvLJvxjWyrdx38GjbAApRkJGhZOPuf9obYJfazzhnJGenvGTmjj4BQq4g88XE7CFEVuVrzwT1l464YfdsoCd7DFJJ/p+JxUcAj4zQCgXRa/DJ8n3mstWOfTcCp8toXvOQa3uYicWN1frd1mtRnFgkbMhpYomA9OvHnSWn2LHJFZmtRKBB9u02+fZ+3G/oi25h7NgmdcGXhn7Z9n alexandra.white@alexandra-white\n",
                            "tags.%": "0",
                            "type": "smartmachine",
                            "user_data": "",
                            "user_script": ""
                        },
                        "meta": {
                            "e2bfb730-ecaa-11e6-8f88-34363bc7c4c0": {
                                "create": 600000000000,
                                "delete": 600000000000,
                                "read": 30000000000,
                                "update": 600000000000
                            }
                        },
                        "tainted": false
                    },
                    "deposed": [],
                    "provider": "provider.triton"
                }
            },
            "depends_on": []
        }
    ]
}
